
Microsoft Visual Studio Solution File, Format Version 12.00
# Visual Studio Version 17
VisualStudioVersion = 17.5.33414.496
MinimumVisualStudioVersion = 10.0.40219.1
Project("{FAE04EC0-301F-11D3-BF4B-00C04F79EFBC}") = "P01SaaSExample", "P01SaaSExample\P01SaaSExample.csproj", "{6E435BC4-85C4-4C34-969F-9EF1DF61E00B}"
EndProject
Project("{FAE04EC0-301F-11D3-BF4B-00C04F79EFBC}") = "P02SasSExample", "P02SasSExample\P02SasSExample.csproj", "{2E0C479A-6992-464A-AD92-FE832EC49492}"
EndProject
Project("{2150E333-8FDC-42A3-9474-1A3956D46DE8}") = "Solution Items", "Solution Items", "{23514C74-654A-41D8-B861-B67DE8A385D0}"
EndProject
Global
	GlobalSection(SolutionConfigurationPlatforms) = preSolution
		Debug|Any CPU = Debug|Any CPU
		Release|Any CPU = Release|Any CPU
	EndGlobalSection
	GlobalSection(ProjectConfigurationPlatforms) = postSolution
		{6E435BC4-85C4-4C34-969F-9EF1DF61E00B}.Debug|Any CPU.ActiveCfg = Debug|Any CPU
		{6E435BC4-85C4-4C34-969F-9EF1DF61E00B}.Debug|Any CPU.Build.0 = Debug|Any CPU
		{6E435BC4-85C4-4C34-969F-9EF1DF61E00B}.Release|Any CPU.ActiveCfg = Release|Any CPU
		{6E435BC4-85C4-4C34-969F-9EF1DF61E00B}.Release|Any CPU.Build.0 = Release|Any CPU
		{2E0C479A-6992-464A-AD92-FE832EC49492}.Debug|Any CPU.ActiveCfg = Debug|Any CPU
		{2E0C479A-6992-464A-AD92-FE832EC49492}.Debug|Any CPU.Build.0 = Debug|Any CPU
		{2E0C479A-6992-464A-AD92-FE832EC49492}.Release|Any CPU.ActiveCfg = Release|Any CPU
		{2E0C479A-6992-464A-AD92-FE832EC49492}.Release|Any CPU.Build.0 = Release|Any CPU
	EndGlobalSection
	GlobalSection(SolutionProperties) = preSolution
		HideSolutionNode = FALSE
	EndGlobalSection
	GlobalSection(ExtensibilityGlobals) = postSolution
		SolutionGuid = {CCFE296D-7078-4689-9E1C-22D893BF2EE9}
	EndGlobalSection
EndGlobal
